
Microsoft Visual Studio Solution File, Format Version 12.00
# Visual Studio Version 17
VisualStudioVersion = 17.10.35027.167
MinimumVisualStudioVersion = 10.0.40219.1
Project("{FAE04EC0-301F-11D3-BF4B-00C04F79EFBC}") = "Camera App", "Camera App\Camera App.csproj", "{6249C768-6C3F-4C06-B692-F941ADF57E60}"
EndProject
Global
	GlobalSection(SolutionConfigurationPlatforms) = preSolution
		Debug|Any CPU = Debug|Any CPU
		Release|Any CPU = Release|Any CPU
	EndGlobalSection
	GlobalSection(ProjectConfigurationPlatforms) = postSolution
		{6249C768-6C3F-4C06-B692-F941ADF57E60}.Debug|Any CPU.ActiveCfg = Debug|Any CPU
		{6249C768-6C3F-4C06-B692-F941ADF57E60}.Debug|Any CPU.Build.0 = Debug|Any CPU
		{6249C768-6C3F-4C06-B692-F941ADF57E60}.Debug|Any CPU.Deploy.0 = Debug|Any CPU
		{6249C768-6C3F-4C06-B692-F941ADF57E60}.Release|Any CPU.ActiveCfg = Release|Any CPU
		{6249C768-6C3F-4C06-B692-F941ADF57E60}.Release|Any CPU.Build.0 = Release|Any CPU
		{6249C768-6C3F-4C06-B692-F941ADF57E60}.Release|Any CPU.Deploy.0 = Release|Any CPU
	EndGlobalSection
	GlobalSection(SolutionProperties) = preSolution
		HideSolutionNode = FALSE
	EndGlobalSection
	GlobalSection(ExtensibilityGlobals) = postSolution
		SolutionGuid = {2A121F00-699C-4B57-9A61-F58F31825762}
	EndGlobalSection
EndGlobal
